
Microsoft Visual Studio Solution File, Format Version 12.00
# Visual Studio Version 17
VisualStudioVersion = 17.5.33530.505
MinimumVisualStudioVersion = 10.0.40219.1
Project("{FAE04EC0-301F-11D3-BF4B-00C04F79EFBC}") = "Ex5", "Ex4\Ex5.csproj", "{2144593E-411E-4030-B2BE-C85A1FC76C61}"
EndProject
Project("{FAE04EC0-301F-11D3-BF4B-00C04F79EFBC}") = "Ex6", "Ex6\Ex6.csproj", "{A4B29B8C-79EC-415A-9A07-C7425901ECE0}"
EndProject
Project("{FAE04EC0-301F-11D3-BF4B-00C04F79EFBC}") = "Ex7", "Ex7\Ex7.csproj", "{F6A519ED-62B0-4063-A158-BCBC514F2F68}"
EndProject
Global
	GlobalSection(SolutionConfigurationPlatforms) = preSolution
		Debug|Any CPU = Debug|Any CPU
		Release|Any CPU = Release|Any CPU
	EndGlobalSection
	GlobalSection(ProjectConfigurationPlatforms) = postSolution
		{2144593E-411E-4030-B2BE-C85A1FC76C61}.Debug|Any CPU.ActiveCfg = Debug|Any CPU
		{2144593E-411E-4030-B2BE-C85A1FC76C61}.Debug|Any CPU.Build.0 = Debug|Any CPU
		{2144593E-411E-4030-B2BE-C85A1FC76C61}.Release|Any CPU.ActiveCfg = Release|Any CPU
		{2144593E-411E-4030-B2BE-C85A1FC76C61}.Release|Any CPU.Build.0 = Release|Any CPU
		{A4B29B8C-79EC-415A-9A07-C7425901ECE0}.Debug|Any CPU.ActiveCfg = Debug|Any CPU
		{A4B29B8C-79EC-415A-9A07-C7425901ECE0}.Debug|Any CPU.Build.0 = Debug|Any CPU
		{A4B29B8C-79EC-415A-9A07-C7425901ECE0}.Release|Any CPU.ActiveCfg = Release|Any CPU
		{A4B29B8C-79EC-415A-9A07-C7425901ECE0}.Release|Any CPU.Build.0 = Release|Any CPU
		{F6A519ED-62B0-4063-A158-BCBC514F2F68}.Debug|Any CPU.ActiveCfg = Debug|Any CPU
		{F6A519ED-62B0-4063-A158-BCBC514F2F68}.Debug|Any CPU.Build.0 = Debug|Any CPU
		{F6A519ED-62B0-4063-A158-BCBC514F2F68}.Release|Any CPU.ActiveCfg = Release|Any CPU
		{F6A519ED-62B0-4063-A158-BCBC514F2F68}.Release|Any CPU.Build.0 = Release|Any CPU
	EndGlobalSection
	GlobalSection(SolutionProperties) = preSolution
		HideSolutionNode = FALSE
	EndGlobalSection
	GlobalSection(ExtensibilityGlobals) = postSolution
		SolutionGuid = {C4F34061-500B-44E7-AE77-C014249F5574}
	EndGlobalSection
EndGlobal
